
Microsoft Visual Studio Solution File, Format Version 12.00
# Visual Studio 14
VisualStudioVersion = 14.0.23107.0
MinimumVisualStudioVersion = 10.0.40219.1
Project("{FAE04EC0-301F-11D3-BF4B-00C04F79EFBC}") = "TwitterExampleApp", "TwitterExampleApp\TwitterExampleApp.csproj", "{D59F08A5-AAB5-4921-95DB-99EAA50D13D5}"
EndProject
Project("{FAE04EC0-301F-11D3-BF4B-00C04F79EFBC}") = "TwitterExampleApp.Model", "TwitterExampleApp.Model\TwitterExampleApp.Model.csproj", "{15FE1D61-77DD-4D25-9B48-402574102CA0}"
EndProject
Project("{FAE04EC0-301F-11D3-BF4B-00C04F79EFBC}") = "TwitterExampleApp.Tests", "TwitterExampleApp.Tests\TwitterExampleApp.Tests.csproj", "{0B421D7F-F765-4234-A8D5-C4C225ECC53E}"
EndProject
Global
	GlobalSection(SolutionConfigurationPlatforms) = preSolution
		Debug|Any CPU = Debug|Any CPU
		Release|Any CPU = Release|Any CPU
	EndGlobalSection
	GlobalSection(ProjectConfigurationPlatforms) = postSolution
		{D59F08A5-AAB5-4921-95DB-99EAA50D13D5}.Debug|Any CPU.ActiveCfg = Debug|Any CPU
		{D59F08A5-AAB5-4921-95DB-99EAA50D13D5}.Debug|Any CPU.Build.0 = Debug|Any CPU
		{D59F08A5-AAB5-4921-95DB-99EAA50D13D5}.Release|Any CPU.ActiveCfg = Release|Any CPU
		{D59F08A5-AAB5-4921-95DB-99EAA50D13D5}.Release|Any CPU.Build.0 = Release|Any CPU
		{15FE1D61-77DD-4D25-9B48-402574102CA0}.Debug|Any CPU.ActiveCfg = Debug|Any CPU
		{15FE1D61-77DD-4D25-9B48-402574102CA0}.Debug|Any CPU.Build.0 = Debug|Any CPU
		{15FE1D61-77DD-4D25-9B48-402574102CA0}.Release|Any CPU.ActiveCfg = Release|Any CPU
		{15FE1D61-77DD-4D25-9B48-402574102CA0}.Release|Any CPU.Build.0 = Release|Any CPU
		{0B421D7F-F765-4234-A8D5-C4C225ECC53E}.Debug|Any CPU.ActiveCfg = Debug|Any CPU
		{0B421D7F-F765-4234-A8D5-C4C225ECC53E}.Debug|Any CPU.Build.0 = Debug|Any CPU
		{0B421D7F-F765-4234-A8D5-C4C225ECC53E}.Release|Any CPU.ActiveCfg = Release|Any CPU
		{0B421D7F-F765-4234-A8D5-C4C225ECC53E}.Release|Any CPU.Build.0 = Release|Any CPU
	EndGlobalSection
	GlobalSection(SolutionProperties) = preSolution
		HideSolutionNode = FALSE
	EndGlobalSection
EndGlobal
